Microsoft Visual Studio Solution File, Format Version 12.00
# Visual Studio Version 17
VisualStudioVersion = 17.13.35818.85
MinimumVisualStudioVersion = 10.0.40219.1
Project("{8BC9CEB8-8B4A-11D0-8D11-00A0C91BC942}") = "TestOOP v2", "TestOOP v2\TestOOP v2.vcxproj", "{4521B6EA-F3F1-478F-924A-30E71FD48A0F}"
EndProject
Global
	GlobalSection(SolutionConfigurationPlatforms) = preSolution
		Debug|x64 = Debug|x64
		Debug|x86 = Debug|x86
		Release|x64 = Release|x64
		Release|x86 = Release|x86
	EndGlobalSection
	GlobalSection(ProjectConfigurationPlatforms) = postSolution
		{4521B6EA-F3F1-478F-924A-30E71FD48A0F}.Debug|x64.ActiveCfg = Debug|x64
		{4521B6EA-F3F1-478F-924A-30E71FD48A0F}.Debug|x64.Build.0 = Debug|x64
		{4521B6EA-F3F1-478F-924A-30E71FD48A0F}.Debug|x86.ActiveCfg = Debug|Win32
		{4521B6EA-F3F1-478F-924A-30E71FD48A0F}.Debug|x86.Build.0 = Debug|Win32
		{4521B6EA-F3F1-478F-924A-30E71FD48A0F}.Release|x64.ActiveCfg = Release|x64
		{4521B6EA-F3F1-478F-924A-30E71FD48A0F}.Release|x64.Build.0 = Release|x64
		{4521B6EA-F3F1-478F-924A-30E71FD48A0F}.Release|x86.ActiveCfg = Release|Win32
		{4521B6EA-F3F1-478F-924A-30E71FD48A0F}.Release|x86.Build.0 = Release|Win32
	EndGlobalSection
	GlobalSection(SolutionProperties) = preSolution
		HideSolutionNode = FALSE
	EndGlobalSection
	GlobalSection(ExtensibilityGlobals) = postSolution
		SolutionGuid = {88215921-F301-483A-B5D5-3F12D6DC67D1}
	EndGlobalSection
EndGlobal
