
Microsoft Visual Studio Solution File, Format Version 12.00
# Visual Studio Version 17
VisualStudioVersion = 17.13.35818.85 d17.13
MinimumVisualStudioVersion = 10.0.40219.1
Project("{FAE04EC0-301F-11D3-BF4B-00C04F79EFBC}") = "DBMS-EXAM1-Code", "DBMS-EXAM1-Code\DBMS-EXAM1-Code.csproj", "{D8B26CC3-1043-4270-9272-7C8A93380D0B}"
EndProject
Global
	GlobalSection(SolutionConfigurationPlatforms) = preSolution
		Debug|Any CPU = Debug|Any CPU
		Release|Any CPU = Release|Any CPU
	EndGlobalSection
	GlobalSection(ProjectConfigurationPlatforms) = postSolution
		{D8B26CC3-1043-4270-9272-7C8A93380D0B}.Debug|Any CPU.ActiveCfg = Debug|Any CPU
		{D8B26CC3-1043-4270-9272-7C8A93380D0B}.Debug|Any CPU.Build.0 = Debug|Any CPU
		{D8B26CC3-1043-4270-9272-7C8A93380D0B}.Release|Any CPU.ActiveCfg = Release|Any CPU
		{D8B26CC3-1043-4270-9272-7C8A93380D0B}.Release|Any CPU.Build.0 = Release|Any CPU
	EndGlobalSection
	GlobalSection(SolutionProperties) = preSolution
		HideSolutionNode = FALSE
	EndGlobalSection
	GlobalSection(ExtensibilityGlobals) = postSolution
		SolutionGuid = {4BF0A86A-5DDB-4B8F-8079-75AA13D47982}
	EndGlobalSection
EndGlobal
